
Microsoft Visual Studio Solution File, Format Version 12.00
# Visual Studio 2013
VisualStudioVersion = 12.0.30723.0
MinimumVisualStudioVersion = 10.0.40219.1
Project("{FAE04EC0-301F-11D3-BF4B-00C04F79EFBC}") = "Automata.Tests", "src\Automata.Tests\Automata.Tests.csproj", "{D437274D-5BFD-42FD-BBE5-96C4C0FFBA05}"
EndProject
Project("{FAE04EC0-301F-11D3-BF4B-00C04F79EFBC}") = "Automata.Z3.Tests", "src\Automata.Z3.Tests\Automata.Z3.Tests.csproj", "{27CACD73-D25D-450D-A0EA-1ED98161C307}"
EndProject
Project("{FAE04EC0-301F-11D3-BF4B-00C04F79EFBC}") = "Fast.Tests", "src\Fast.Tests\Fast.Tests.csproj", "{10E37E7C-E70D-4528-9F3D-234A634CA2C6}"
EndProject
Project("{FAE04EC0-301F-11D3-BF4B-00C04F79EFBC}") = "Bek.Tests", "src\Bek.Tests\Bek.Tests.csproj", "{B3B9C147-D538-4C97-B23E-6DEDA2447DBC}"
EndProject
Project("{FAE04EC0-301F-11D3-BF4B-00C04F79EFBC}") = "Automata", "src\Automata\Automata.csproj", "{BC861E29-027D-4AC6-AB24-A7B0CD0FB5E8}"
EndProject
Project("{FAE04EC0-301F-11D3-BF4B-00C04F79EFBC}") = "Automata.Z3", "src\Automata.Z3\Automata.Z3.csproj", "{7FE1092A-83F9-4F34-A04C-815CAB2BD35B}"
EndProject
Project("{FAE04EC0-301F-11D3-BF4B-00C04F79EFBC}") = "Bek", "src\Bek\Bek.csproj", "{A8751D84-45E8-4D0A-88B4-1551115AE2E2}"
EndProject
Project("{FAE04EC0-301F-11D3-BF4B-00C04F79EFBC}") = "Fast", "src\Fast\Fast.csproj", "{21E2408A-72B8-4C78-9D9E-1D65152FF655}"
EndProject
Project("{FAE04EC0-301F-11D3-BF4B-00C04F79EFBC}") = "MSO", "src\MSO\MSO.csproj", "{6B1713D0-9960-471C-812C-3E1FC9918182}"
EndProject
Project("{FAE04EC0-301F-11D3-BF4B-00C04F79EFBC}") = "MSO.Tests", "src\MSO.Tests\MSO.Tests.csproj", "{2E3ADC63-7A3B-4D6A-989F-09E71B5481B4}"
EndProject
Project("{FAE04EC0-301F-11D3-BF4B-00C04F79EFBC}") = "MSOEvaluation", "MSOEvaluation\MSOEvaluation.csproj", "{770277F8-50AE-4F80-B555-729B3DCE94CB}"
EndProject
Project("{FAE04EC0-301F-11D3-BF4B-00C04F79EFBC}") = "TreeAutomataExperiments", "src\TreeAutomataExperiments\TreeAutomataExperiments.csproj", "{B71C402D-52D8-4062-AAE2-2AD244D1F531}"
EndProject
Global
	GlobalSection(SolutionConfigurationPlatforms) = preSolution
		Debug|Any CPU = Debug|Any CPU
		Debug|Mixed Platforms = Debug|Mixed Platforms
		Debug|Win32 = Debug|Win32
		Debug|x64 = Debug|x64
		Release|Any CPU = Release|Any CPU
		Release|Mixed Platforms = Release|Mixed Platforms
		Release|Win32 = Release|Win32
		Release|x64 = Release|x64
	EndGlobalSection
	GlobalSection(ProjectConfigurationPlatforms) = postSolution
		{D437274D-5BFD-42FD-BBE5-96C4C0FFBA05}.Debug|Any CPU.ActiveCfg = Debug|Any CPU
		{D437274D-5BFD-42FD-BBE5-96C4C0FFBA05}.Debug|Any CPU.Build.0 = Debug|Any CPU
		{D437274D-5BFD-42FD-BBE5-96C4C0FFBA05}.Debug|Mixed Platforms.ActiveCfg = Debug|Any CPU
		{D437274D-5BFD-42FD-BBE5-96C4C0FFBA05}.Debug|Mixed Platforms.Build.0 = Debug|Any CPU
		{D437274D-5BFD-42FD-BBE5-96C4C0FFBA05}.Debug|Win32.ActiveCfg = Debug|Any CPU
		{D437274D-5BFD-42FD-BBE5-96C4C0FFBA05}.Debug|x64.ActiveCfg = Debug|x64
		{D437274D-5BFD-42FD-BBE5-96C4C0FFBA05}.Debug|x64.Build.0 = Debug|x64
		{D437274D-5BFD-42FD-BBE5-96C4C0FFBA05}.Release|Any CPU.ActiveCfg = Release|Any CPU
		{D437274D-5BFD-42FD-BBE5-96C4C0FFBA05}.Release|Any CPU.Build.0 = Release|Any CPU
		{D437274D-5BFD-42FD-BBE5-96C4C0FFBA05}.Release|Mixed Platforms.ActiveCfg = Release|Any CPU
		{D437274D-5BFD-42FD-BBE5-96C4C0FFBA05}.Release|Mixed Platforms.Build.0 = Release|Any CPU
		{D437274D-5BFD-42FD-BBE5-96C4C0FFBA05}.Release|Win32.ActiveCfg = Release|Any CPU
		{D437274D-5BFD-42FD-BBE5-96C4C0FFBA05}.Release|x64.ActiveCfg = Release|x64
		{D437274D-5BFD-42FD-BBE5-96C4C0FFBA05}.Release|x64.Build.0 = Release|x64
		{27CACD73-D25D-450D-A0EA-1ED98161C307}.Debug|Any CPU.ActiveCfg = Debug|Any CPU
		{27CACD73-D25D-450D-A0EA-1ED98161C307}.Debug|Any CPU.Build.0 = Debug|Any CPU
		{27CACD73-D25D-450D-A0EA-1ED98161C307}.Debug|Mixed Platforms.ActiveCfg = Debug|Any CPU
		{27CACD73-D25D-450D-A0EA-1ED98161C307}.Debug|Mixed Platforms.Build.0 = Debug|Any CPU
		{27CACD73-D25D-450D-A0EA-1ED98161C307}.Debug|Win32.ActiveCfg = Debug|Any CPU
		{27CACD73-D25D-450D-A0EA-1ED98161C307}.Debug|x64.ActiveCfg = Debug|x64
		{27CACD73-D25D-450D-A0EA-1ED98161C307}.Debug|x64.Build.0 = Debug|x64
		{27CACD73-D25D-450D-A0EA-1ED98161C307}.Release|Any CPU.ActiveCfg = Release|Any CPU
		{27CACD73-D25D-450D-A0EA-1ED98161C307}.Release|Any CPU.Build.0 = Release|Any CPU
		{27CACD73-D25D-450D-A0EA-1ED98161C307}.Release|Mixed Platforms.ActiveCfg = Release|Any CPU
		{27CACD73-D25D-450D-A0EA-1ED98161C307}.Release|Mixed Platforms.Build.0 = Release|Any CPU
		{27CACD73-D25D-450D-A0EA-1ED98161C307}.Release|Win32.ActiveCfg = Release|Any CPU
		{27CACD73-D25D-450D-A0EA-1ED98161C307}.Release|x64.ActiveCfg = Release|x64
		{27CACD73-D25D-450D-A0EA-1ED98161C307}.Release|x64.Build.0 = Release|x64
		{10E37E7C-E70D-4528-9F3D-234A634CA2C6}.Debug|Any CPU.ActiveCfg = Debug|Any CPU
		{10E37E7C-E70D-4528-9F3D-234A634CA2C6}.Debug|Any CPU.Build.0 = Debug|Any CPU
		{10E37E7C-E70D-4528-9F3D-234A634CA2C6}.Debug|Mixed Platforms.ActiveCfg = Debug|Any CPU
		{10E37E7C-E70D-4528-9F3D-234A634CA2C6}.Debug|Mixed Platforms.Build.0 = Debug|Any CPU
		{10E37E7C-E70D-4528-9F3D-234A634CA2C6}.Debug|Win32.ActiveCfg = Debug|Any CPU
		{10E37E7C-E70D-4528-9F3D-234A634CA2C6}.Debug|x64.ActiveCfg = Debug|x64
		{10E37E7C-E70D-4528-9F3D-234A634CA2C6}.Debug|x64.Build.0 = Debug|x64
		{10E37E7C-E70D-4528-9F3D-234A634CA2C6}.Release|Any CPU.ActiveCfg = Release|Any CPU
		{10E37E7C-E70D-4528-9F3D-234A634CA2C6}.Release|Any CPU.Build.0 = Release|Any CPU
		{10E37E7C-E70D-4528-9F3D-234A634CA2C6}.Release|Mixed Platforms.ActiveCfg = Release|Any CPU
		{10E37E7C-E70D-4528-9F3D-234A634CA2C6}.Release|Mixed Platforms.Build.0 = Release|Any CPU
		{10E37E7C-E70D-4528-9F3D-234A634CA2C6}.Release|Win32.ActiveCfg = Release|Any CPU
		{10E37E7C-E70D-4528-9F3D-234A634CA2C6}.Release|x64.ActiveCfg = Release|x64
		{10E37E7C-E70D-4528-9F3D-234A634CA2C6}.Release|x64.Build.0 = Release|x64
		{B3B9C147-D538-4C97-B23E-6DEDA2447DBC}.Debug|Any CPU.ActiveCfg = Debug|Any CPU
		{B3B9C147-D538-4C97-B23E-6DEDA2447DBC}.Debug|Any CPU.Build.0 = Debug|Any CPU
		{B3B9C147-D538-4C97-B23E-6DEDA2447DBC}.Debug|Mixed Platforms.ActiveCfg = Debug|Any CPU
		{B3B9C147-D538-4C97-B23E-6DEDA2447DBC}.Debug|Mixed Platforms.Build.0 = Debug|Any CPU
		{B3B9C147-D538-4C97-B23E-6DEDA2447DBC}.Debug|Win32.ActiveCfg = Debug|Any CPU
		{B3B9C147-D538-4C97-B23E-6DEDA2447DBC}.Debug|x64.ActiveCfg = Debug|x64
		{B3B9C147-D538-4C97-B23E-6DEDA2447DBC}.Debug|x64.Build.0 = Debug|x64
		{B3B9C147-D538-4C97-B23E-6DEDA2447DBC}.Release|Any CPU.ActiveCfg = Release|Any CPU
		{B3B9C147-D538-4C97-B23E-6DEDA2447DBC}.Release|Any CPU.Build.0 = Release|Any CPU
		{B3B9C147-D538-4C97-B23E-6DEDA2447DBC}.Release|Mixed Platforms.ActiveCfg = Release|Any CPU
		{B3B9C147-D538-4C97-B23E-6DEDA2447DBC}.Release|Mixed Platforms.Build.0 = Release|Any CPU
		{B3B9C147-D538-4C97-B23E-6DEDA2447DBC}.Release|Win32.ActiveCfg = Release|Any CPU
		{B3B9C147-D538-4C97-B23E-6DEDA2447DBC}.Release|x64.ActiveCfg = Release|x64
		{B3B9C147-D538-4C97-B23E-6DEDA2447DBC}.Release|x64.Build.0 = Release|x64
		{BC861E29-027D-4AC6-AB24-A7B0CD0FB5E8}.Debug|Any CPU.ActiveCfg = Debug|Any CPU
		{BC861E29-027D-4AC6-AB24-A7B0CD0FB5E8}.Debug|Any CPU.Build.0 = Debug|Any CPU
		{BC861E29-027D-4AC6-AB24-A7B0CD0FB5E8}.Debug|Mixed Platforms.ActiveCfg = Debug|Any CPU
		{BC861E29-027D-4AC6-AB24-A7B0CD0FB5E8}.Debug|Mixed Platforms.Build.0 = Debug|Any CPU
		{BC861E29-027D-4AC6-AB24-A7B0CD0FB5E8}.Debug|Win32.ActiveCfg = Debug|Any CPU
		{BC861E29-027D-4AC6-AB24-A7B0CD0FB5E8}.Debug|x64.ActiveCfg = Debug|x64
		{BC861E29-027D-4AC6-AB24-A7B0CD0FB5E8}.Debug|x64.Build.0 = Debug|x64
		{BC861E29-027D-4AC6-AB24-A7B0CD0FB5E8}.Release|Any CPU.ActiveCfg = Release|Any CPU
		{BC861E29-027D-4AC6-AB24-A7B0CD0FB5E8}.Release|Any CPU.Build.0 = Release|Any CPU
		{BC861E29-027D-4AC6-AB24-A7B0CD0FB5E8}.Release|Mixed Platforms.ActiveCfg = Release|Any CPU
		{BC861E29-027D-4AC6-AB24-A7B0CD0FB5E8}.Release|Mixed Platforms.Build.0 = Release|Any CPU
		{BC861E29-027D-4AC6-AB24-A7B0CD0FB5E8}.Release|Win32.ActiveCfg = Release|Any CPU
		{BC861E29-027D-4AC6-AB24-A7B0CD0FB5E8}.Release|x64.ActiveCfg = Release|x64
		{BC861E29-027D-4AC6-AB24-A7B0CD0FB5E8}.Release|x64.Build.0 = Release|x64
		{7FE1092A-83F9-4F34-A04C-815CAB2BD35B}.Debug|Any CPU.ActiveCfg = Debug|Any CPU
		{7FE1092A-83F9-4F34-A04C-815CAB2BD35B}.Debug|Any CPU.Build.0 = Debug|Any CPU
		{7FE1092A-83F9-4F34-A04C-815CAB2BD35B}.Debug|Mixed Platforms.ActiveCfg = Debug|Any CPU
		{7FE1092A-83F9-4F34-A04C-815CAB2BD35B}.Debug|Mixed Platforms.Build.0 = Debug|Any CPU
		{7FE1092A-83F9-4F34-A04C-815CAB2BD35B}.Debug|Win32.ActiveCfg = Debug|Any CPU
		{7FE1092A-83F9-4F34-A04C-815CAB2BD35B}.Debug|x64.ActiveCfg = Debug|x64
		{7FE1092A-83F9-4F34-A04C-815CAB2BD35B}.Debug|x64.Build.0 = Debug|x64
		{7FE1092A-83F9-4F34-A04C-815CAB2BD35B}.Release|Any CPU.ActiveCfg = Release|Any CPU
		{7FE1092A-83F9-4F34-A04C-815CAB2BD35B}.Release|Any CPU.Build.0 = Release|Any CPU
		{7FE1092A-83F9-4F34-A04C-815CAB2BD35B}.Release|Mixed Platforms.ActiveCfg = Release|Any CPU
		{7FE1092A-83F9-4F34-A04C-815CAB2BD35B}.Release|Mixed Platforms.Build.0 = Release|Any CPU
		{7FE1092A-83F9-4F34-A04C-815CAB2BD35B}.Release|Win32.ActiveCfg = Release|Any CPU
		{7FE1092A-83F9-4F34-A04C-815CAB2BD35B}.Release|x64.ActiveCfg = Release|x64
		{7FE1092A-83F9-4F34-A04C-815CAB2BD35B}.Release|x64.Build.0 = Release|x64
		{A8751D84-45E8-4D0A-88B4-1551115AE2E2}.Debug|Any CPU.ActiveCfg = Debug|Any CPU
		{A8751D84-45E8-4D0A-88B4-1551115AE2E2}.Debug|Any CPU.Build.0 = Debug|Any CPU
		{A8751D84-45E8-4D0A-88B4-1551115AE2E2}.Debug|Mixed Platforms.ActiveCfg = Debug|Any CPU
		{A8751D84-45E8-4D0A-88B4-1551115AE2E2}.Debug|Mixed Platforms.Build.0 = Debug|Any CPU
		{A8751D84-45E8-4D0A-88B4-1551115AE2E2}.Debug|Win32.ActiveCfg = Debug|Any CPU
		{A8751D84-45E8-4D0A-88B4-1551115AE2E2}.Debug|x64.ActiveCfg = Debug|x64
		{A8751D84-45E8-4D0A-88B4-1551115AE2E2}.Debug|x64.Build.0 = Debug|x64
		{A8751D84-45E8-4D0A-88B4-1551115AE2E2}.Release|Any CPU.ActiveCfg = Release|Any CPU
		{A8751D84-45E8-4D0A-88B4-1551115AE2E2}.Release|Any CPU.Build.0 = Release|Any CPU
		{A8751D84-45E8-4D0A-88B4-1551115AE2E2}.Release|Mixed Platforms.ActiveCfg = Release|Any CPU
		{A8751D84-45E8-4D0A-88B4-1551115AE2E2}.Release|Mixed Platforms.Build.0 = Release|Any CPU
		{A8751D84-45E8-4D0A-88B4-1551115AE2E2}.Release|Win32.ActiveCfg = Release|Any CPU
		{A8751D84-45E8-4D0A-88B4-1551115AE2E2}.Release|x64.ActiveCfg = Release|x64
		{A8751D84-45E8-4D0A-88B4-1551115AE2E2}.Release|x64.Build.0 = Release|x64
		{21E2408A-72B8-4C78-9D9E-1D65152FF655}.Debug|Any CPU.ActiveCfg = Debug|Any CPU
		{21E2408A-72B8-4C78-9D9E-1D65152FF655}.Debug|Any CPU.Build.0 = Debug|Any CPU
		{21E2408A-72B8-4C78-9D9E-1D65152FF655}.Debug|Mixed Platforms.ActiveCfg = Debug|Any CPU
		{21E2408A-72B8-4C78-9D9E-1D65152FF655}.Debug|Mixed Platforms.Build.0 = Debug|Any CPU
		{21E2408A-72B8-4C78-9D9E-1D65152FF655}.Debug|Win32.ActiveCfg = Debug|Any CPU
		{21E2408A-72B8-4C78-9D9E-1D65152FF655}.Debug|x64.ActiveCfg = Debug|x64
		{21E2408A-72B8-4C78-9D9E-1D65152FF655}.Debug|x64.Build.0 = Debug|x64
		{21E2408A-72B8-4C78-9D9E-1D65152FF655}.Release|Any CPU.ActiveCfg = Release|Any CPU
		{21E2408A-72B8-4C78-9D9E-1D65152FF655}.Release|Any CPU.Build.0 = Release|Any CPU
		{21E2408A-72B8-4C78-9D9E-1D65152FF655}.Release|Mixed Platforms.ActiveCfg = Release|Any CPU
		{21E2408A-72B8-4C78-9D9E-1D65152FF655}.Release|Mixed Platforms.Build.0 = Release|Any CPU
		{21E2408A-72B8-4C78-9D9E-1D65152FF655}.Release|Win32.ActiveCfg = Release|Any CPU
		{21E2408A-72B8-4C78-9D9E-1D65152FF655}.Release|x64.ActiveCfg = Release|x64
		{21E2408A-72B8-4C78-9D9E-1D65152FF655}.Release|x64.Build.0 = Release|x64
		{6B1713D0-9960-471C-812C-3E1FC9918182}.Debug|Any CPU.ActiveCfg = Debug|Any CPU
		{6B1713D0-9960-471C-812C-3E1FC9918182}.Debug|Any CPU.Build.0 = Debug|Any CPU
		{6B1713D0-9960-471C-812C-3E1FC9918182}.Debug|Mixed Platforms.ActiveCfg = Debug|Any CPU
		{6B1713D0-9960-471C-812C-3E1FC9918182}.Debug|Mixed Platforms.Build.0 = Debug|Any CPU
		{6B1713D0-9960-471C-812C-3E1FC9918182}.Debug|Win32.ActiveCfg = Debug|Any CPU
		{6B1713D0-9960-471C-812C-3E1FC9918182}.Debug|x64.ActiveCfg = Debug|x64
		{6B1713D0-9960-471C-812C-3E1FC9918182}.Debug|x64.Build.0 = Debug|x64
		{6B1713D0-9960-471C-812C-3E1FC9918182}.Release|Any CPU.ActiveCfg = Release|Any CPU
		{6B1713D0-9960-471C-812C-3E1FC9918182}.Release|Any CPU.Build.0 = Release|Any CPU
		{6B1713D0-9960-471C-812C-3E1FC9918182}.Release|Mixed Platforms.ActiveCfg = Release|Any CPU
		{6B1713D0-9960-471C-812C-3E1FC9918182}.Release|Mixed Platforms.Build.0 = Release|Any CPU
		{6B1713D0-9960-471C-812C-3E1FC9918182}.Release|Win32.ActiveCfg = Release|Any CPU
		{6B1713D0-9960-471C-812C-3E1FC9918182}.Release|x64.ActiveCfg = Release|x64
		{6B1713D0-9960-471C-812C-3E1FC9918182}.Release|x64.Build.0 = Release|x64
		{2E3ADC63-7A3B-4D6A-989F-09E71B5481B4}.Debug|Any CPU.ActiveCfg = Debug|Any CPU
		{2E3ADC63-7A3B-4D6A-989F-09E71B5481B4}.Debug|Any CPU.Build.0 = Debug|Any CPU
		{2E3ADC63-7A3B-4D6A-989F-09E71B5481B4}.Debug|Mixed Platforms.ActiveCfg = Debug|Any CPU
		{2E3ADC63-7A3B-4D6A-989F-09E71B5481B4}.Debug|Mixed Platforms.Build.0 = Debug|Any CPU
		{2E3ADC63-7A3B-4D6A-989F-09E71B5481B4}.Debug|Win32.ActiveCfg = Debug|Any CPU
		{2E3ADC63-7A3B-4D6A-989F-09E71B5481B4}.Debug|x64.ActiveCfg = Debug|x64
		{2E3ADC63-7A3B-4D6A-989F-09E71B5481B4}.Debug|x64.Build.0 = Debug|x64
		{2E3ADC63-7A3B-4D6A-989F-09E71B5481B4}.Release|Any CPU.ActiveCfg = Release|Any CPU
		{2E3ADC63-7A3B-4D6A-989F-09E71B5481B4}.Release|Any CPU.Build.0 = Release|Any CPU
		{2E3ADC63-7A3B-4D6A-989F-09E71B5481B4}.Release|Mixed Platforms.ActiveCfg = Release|Any CPU
		{2E3ADC63-7A3B-4D6A-989F-09E71B5481B4}.Release|Mixed Platforms.Build.0 = Release|Any CPU
		{2E3ADC63-7A3B-4D6A-989F-09E71B5481B4}.Release|Win32.ActiveCfg = Release|Any CPU
		{2E3ADC63-7A3B-4D6A-989F-09E71B5481B4}.Release|x64.ActiveCfg = Release|x64
		{2E3ADC63-7A3B-4D6A-989F-09E71B5481B4}.Release|x64.Build.0 = Release|x64
		{770277F8-50AE-4F80-B555-729B3DCE94CB}.Debug|Any CPU.ActiveCfg = Debug|Any CPU
		{770277F8-50AE-4F80-B555-729B3DCE94CB}.Debug|Any CPU.Build.0 = Debug|Any CPU
		{770277F8-50AE-4F80-B555-729B3DCE94CB}.Debug|Mixed Platforms.ActiveCfg = Debug|Any CPU
		{770277F8-50AE-4F80-B555-729B3DCE94CB}.Debug|Win32.ActiveCfg = Debug|Any CPU
		{770277F8-50AE-4F80-B555-729B3DCE94CB}.Debug|x64.ActiveCfg = Debug|x64
		{770277F8-50AE-4F80-B555-729B3DCE94CB}.Debug|x64.Build.0 = Debug|x64
		{770277F8-50AE-4F80-B555-729B3DCE94CB}.Release|Any CPU.ActiveCfg = Release|Any CPU
		{770277F8-50AE-4F80-B555-729B3DCE94CB}.Release|Any CPU.Build.0 = Release|Any CPU
		{770277F8-50AE-4F80-B555-729B3DCE94CB}.Release|Mixed Platforms.ActiveCfg = Release|Any CPU
		{770277F8-50AE-4F80-B555-729B3DCE94CB}.Release|Win32.ActiveCfg = Release|Any CPU
		{770277F8-50AE-4F80-B555-729B3DCE94CB}.Release|x64.ActiveCfg = Release|x64
		{770277F8-50AE-4F80-B555-729B3DCE94CB}.Release|x64.Build.0 = Release|x64
		{B71C402D-52D8-4062-AAE2-2AD244D1F531}.Debug|Any CPU.ActiveCfg = Debug|Any CPU
		{B71C402D-52D8-4062-AAE2-2AD244D1F531}.Debug|Any CPU.Build.0 = Debug|Any CPU
		{B71C402D-52D8-4062-AAE2-2AD244D1F531}.Debug|Mixed Platforms.ActiveCfg = Debug|Any CPU
		{B71C402D-52D8-4062-AAE2-2AD244D1F531}.Debug|Win32.ActiveCfg = Debug|Any CPU
		{B71C402D-52D8-4062-AAE2-2AD244D1F531}.Debug|x64.ActiveCfg = Debug|x64
		{B71C402D-52D8-4062-AAE2-2AD244D1F531}.Debug|x64.Build.0 = Debug|x64
		{B71C402D-52D8-4062-AAE2-2AD244D1F531}.Release|Any CPU.ActiveCfg = Release|Any CPU
		{B71C402D-52D8-4062-AAE2-2AD244D1F531}.Release|Any CPU.Build.0 = Release|Any CPU
		{B71C402D-52D8-4062-AAE2-2AD244D1F531}.Release|Mixed Platforms.ActiveCfg = Release|Any CPU
		{B71C402D-52D8-4062-AAE2-2AD244D1F531}.Release|Win32.ActiveCfg = Release|Any CPU
		{B71C402D-52D8-4062-AAE2-2AD244D1F531}.Release|x64.ActiveCfg = Release|x64
		{B71C402D-52D8-4062-AAE2-2AD244D1F531}.Release|x64.Build.0 = Release|x64
	EndGlobalSection
	GlobalSection(SolutionProperties) = preSolution
		HideSolutionNode = FALSE
	EndGlobalSection
EndGlobal
