
Microsoft Visual Studio Solution File, Format Version 12.00
# Visual Studio 14
VisualStudioVersion = 14.0.25420.1
MinimumVisualStudioVersion = 10.0.40219.1
Project("{FAE04EC0-301F-11D3-BF4B-00C04F79EFBC}") = "Automata", "src\Automata\Automata.csproj", "{BC861E29-027D-4AC6-AB24-A7B0CD0FB5E8}"
EndProject
Project("{FAE04EC0-301F-11D3-BF4B-00C04F79EFBC}") = "Automata.Tests", "src\Automata.Tests\Automata.Tests.csproj", "{D437274D-5BFD-42FD-BBE5-96C4C0FFBA05}"
EndProject
Project("{FAE04EC0-301F-11D3-BF4B-00C04F79EFBC}") = "Automata.Z3", "src\Automata.Z3\Automata.Z3.csproj", "{7FE1092A-83F9-4F34-A04C-815CAB2BD35B}"
EndProject
Project("{FAE04EC0-301F-11D3-BF4B-00C04F79EFBC}") = "Automata.Z3.Tests", "src\Automata.Z3.Tests\Automata.Z3.Tests.csproj", "{27CACD73-D25D-450D-A0EA-1ED98161C307}"
EndProject
Project("{FAE04EC0-301F-11D3-BF4B-00C04F79EFBC}") = "Bek", "src\Bek\Bek.csproj", "{A8751D84-45E8-4D0A-88B4-1551115AE2E2}"
EndProject
Project("{FAE04EC0-301F-11D3-BF4B-00C04F79EFBC}") = "Bek.Tests", "src\Bek.Tests\Bek.Tests.csproj", "{B3B9C147-D538-4C97-B23E-6DEDA2447DBC}"
EndProject
Project("{FAE04EC0-301F-11D3-BF4B-00C04F79EFBC}") = "Fast", "src\Fast\Fast.csproj", "{21E2408A-72B8-4C78-9D9E-1D65152FF655}"
EndProject
Project("{FAE04EC0-301F-11D3-BF4B-00C04F79EFBC}") = "Fast.Tests", "src\Fast.Tests\Fast.Tests.csproj", "{10E37E7C-E70D-4528-9F3D-234A634CA2C6}"
EndProject
Project("{FAE04EC0-301F-11D3-BF4B-00C04F79EFBC}") = "Experimentation", "src\Experimentation\Experimentation.csproj", "{AE968077-ED72-442D-A4AF-10A031CA3990}"
EndProject
Project("{FAE04EC0-301F-11D3-BF4B-00C04F79EFBC}") = "Experiments", "src\Experiments\Experiments.csproj", "{9AE68B3B-2E5F-40C8-8BB1-7B0D05E9FD4F}"
EndProject
Project("{FAE04EC0-301F-11D3-BF4B-00C04F79EFBC}") = "MSO", "src\MSO\MSO.csproj", "{6B1713D0-9960-471C-812C-3E1FC9918182}"
EndProject
Project("{FAE04EC0-301F-11D3-BF4B-00C04F79EFBC}") = "MSO.Tests", "src\MSO.Tests\MSO.Tests.csproj", "{2E3ADC63-7A3B-4D6A-989F-09E71B5481B4}"
EndProject
Project("{FAE04EC0-301F-11D3-BF4B-00C04F79EFBC}") = "MSO.Eval", "src\MSO.Eval\MSO.Eval.csproj", "{C0D72444-2B2A-4721-A42C-D77B8796ADAA}"
EndProject
Project("{FAE04EC0-301F-11D3-BF4B-00C04F79EFBC}") = "RegenerateUnicodeTables", "src\RegenerateUnicodeTables\RegenerateUnicodeTables.csproj", "{3C95141E-CF30-40E1-A198-138B14D822F7}"
EndProject
Project("{FAE04EC0-301F-11D3-BF4B-00C04F79EFBC}") = "CounterAutomata", "src\CounterAutomata\CounterAutomata.csproj", "{29308BFC-D04E-4C27-93BC-91FF026C1A55}"
EndProject
Global
	GlobalSection(SolutionConfigurationPlatforms) = preSolution
		Debug|Any CPU = Debug|Any CPU
		Debug|x64 = Debug|x64
		Debug|x86 = Debug|x86
		Release|Any CPU = Release|Any CPU
		Release|x64 = Release|x64
		Release|x86 = Release|x86
	EndGlobalSection
	GlobalSection(ProjectConfigurationPlatforms) = postSolution
		{BC861E29-027D-4AC6-AB24-A7B0CD0FB5E8}.Debug|Any CPU.ActiveCfg = Debug|Any CPU
		{BC861E29-027D-4AC6-AB24-A7B0CD0FB5E8}.Debug|Any CPU.Build.0 = Debug|Any CPU
		{BC861E29-027D-4AC6-AB24-A7B0CD0FB5E8}.Debug|x64.ActiveCfg = Debug|x64
		{BC861E29-027D-4AC6-AB24-A7B0CD0FB5E8}.Debug|x64.Build.0 = Debug|x64
		{BC861E29-027D-4AC6-AB24-A7B0CD0FB5E8}.Debug|x86.ActiveCfg = Debug|x86
		{BC861E29-027D-4AC6-AB24-A7B0CD0FB5E8}.Debug|x86.Build.0 = Debug|x86
		{BC861E29-027D-4AC6-AB24-A7B0CD0FB5E8}.Release|Any CPU.ActiveCfg = Release|Any CPU
		{BC861E29-027D-4AC6-AB24-A7B0CD0FB5E8}.Release|Any CPU.Build.0 = Release|Any CPU
		{BC861E29-027D-4AC6-AB24-A7B0CD0FB5E8}.Release|x64.ActiveCfg = Release|x64
		{BC861E29-027D-4AC6-AB24-A7B0CD0FB5E8}.Release|x64.Build.0 = Release|x64
		{BC861E29-027D-4AC6-AB24-A7B0CD0FB5E8}.Release|x86.ActiveCfg = Release|x86
		{BC861E29-027D-4AC6-AB24-A7B0CD0FB5E8}.Release|x86.Build.0 = Release|x86
		{D437274D-5BFD-42FD-BBE5-96C4C0FFBA05}.Debug|Any CPU.ActiveCfg = Debug|Any CPU
		{D437274D-5BFD-42FD-BBE5-96C4C0FFBA05}.Debug|Any CPU.Build.0 = Debug|Any CPU
		{D437274D-5BFD-42FD-BBE5-96C4C0FFBA05}.Debug|x64.ActiveCfg = Debug|Any CPU
		{D437274D-5BFD-42FD-BBE5-96C4C0FFBA05}.Debug|x64.Build.0 = Debug|Any CPU
		{D437274D-5BFD-42FD-BBE5-96C4C0FFBA05}.Debug|x86.ActiveCfg = Debug|x86
		{D437274D-5BFD-42FD-BBE5-96C4C0FFBA05}.Debug|x86.Build.0 = Debug|x86
		{D437274D-5BFD-42FD-BBE5-96C4C0FFBA05}.Release|Any CPU.ActiveCfg = Release|Any CPU
		{D437274D-5BFD-42FD-BBE5-96C4C0FFBA05}.Release|Any CPU.Build.0 = Release|Any CPU
		{D437274D-5BFD-42FD-BBE5-96C4C0FFBA05}.Release|x64.ActiveCfg = Release|Any CPU
		{D437274D-5BFD-42FD-BBE5-96C4C0FFBA05}.Release|x64.Build.0 = Release|Any CPU
		{D437274D-5BFD-42FD-BBE5-96C4C0FFBA05}.Release|x86.ActiveCfg = Release|x86
		{D437274D-5BFD-42FD-BBE5-96C4C0FFBA05}.Release|x86.Build.0 = Release|x86
		{7FE1092A-83F9-4F34-A04C-815CAB2BD35B}.Debug|Any CPU.ActiveCfg = Debug|Any CPU
		{7FE1092A-83F9-4F34-A04C-815CAB2BD35B}.Debug|Any CPU.Build.0 = Debug|Any CPU
		{7FE1092A-83F9-4F34-A04C-815CAB2BD35B}.Debug|x64.ActiveCfg = Debug|x64
		{7FE1092A-83F9-4F34-A04C-815CAB2BD35B}.Debug|x64.Build.0 = Debug|x64
		{7FE1092A-83F9-4F34-A04C-815CAB2BD35B}.Debug|x86.ActiveCfg = Debug|x86
		{7FE1092A-83F9-4F34-A04C-815CAB2BD35B}.Debug|x86.Build.0 = Debug|x86
		{7FE1092A-83F9-4F34-A04C-815CAB2BD35B}.Release|Any CPU.ActiveCfg = Release|Any CPU
		{7FE1092A-83F9-4F34-A04C-815CAB2BD35B}.Release|Any CPU.Build.0 = Release|Any CPU
		{7FE1092A-83F9-4F34-A04C-815CAB2BD35B}.Release|x64.ActiveCfg = Release|x64
		{7FE1092A-83F9-4F34-A04C-815CAB2BD35B}.Release|x64.Build.0 = Release|x64
		{7FE1092A-83F9-4F34-A04C-815CAB2BD35B}.Release|x86.ActiveCfg = Release|x86
		{7FE1092A-83F9-4F34-A04C-815CAB2BD35B}.Release|x86.Build.0 = Release|x86
		{27CACD73-D25D-450D-A0EA-1ED98161C307}.Debug|Any CPU.ActiveCfg = Debug|Any CPU
		{27CACD73-D25D-450D-A0EA-1ED98161C307}.Debug|Any CPU.Build.0 = Debug|Any CPU
		{27CACD73-D25D-450D-A0EA-1ED98161C307}.Debug|x64.ActiveCfg = Debug|x64
		{27CACD73-D25D-450D-A0EA-1ED98161C307}.Debug|x64.Build.0 = Debug|x64
		{27CACD73-D25D-450D-A0EA-1ED98161C307}.Debug|x86.ActiveCfg = Debug|x86
		{27CACD73-D25D-450D-A0EA-1ED98161C307}.Debug|x86.Build.0 = Debug|x86
		{27CACD73-D25D-450D-A0EA-1ED98161C307}.Release|Any CPU.ActiveCfg = Release|Any CPU
		{27CACD73-D25D-450D-A0EA-1ED98161C307}.Release|Any CPU.Build.0 = Release|Any CPU
		{27CACD73-D25D-450D-A0EA-1ED98161C307}.Release|x64.ActiveCfg = Release|x64
		{27CACD73-D25D-450D-A0EA-1ED98161C307}.Release|x64.Build.0 = Release|x64
		{27CACD73-D25D-450D-A0EA-1ED98161C307}.Release|x86.ActiveCfg = Release|x86
		{27CACD73-D25D-450D-A0EA-1ED98161C307}.Release|x86.Build.0 = Release|x86
		{A8751D84-45E8-4D0A-88B4-1551115AE2E2}.Debug|Any CPU.ActiveCfg = Debug|Any CPU
		{A8751D84-45E8-4D0A-88B4-1551115AE2E2}.Debug|Any CPU.Build.0 = Debug|Any CPU
		{A8751D84-45E8-4D0A-88B4-1551115AE2E2}.Debug|x64.ActiveCfg = Debug|x64
		{A8751D84-45E8-4D0A-88B4-1551115AE2E2}.Debug|x64.Build.0 = Debug|x64
		{A8751D84-45E8-4D0A-88B4-1551115AE2E2}.Debug|x86.ActiveCfg = Debug|x86
		{A8751D84-45E8-4D0A-88B4-1551115AE2E2}.Debug|x86.Build.0 = Debug|x86
		{A8751D84-45E8-4D0A-88B4-1551115AE2E2}.Release|Any CPU.ActiveCfg = Release|Any CPU
		{A8751D84-45E8-4D0A-88B4-1551115AE2E2}.Release|Any CPU.Build.0 = Release|Any CPU
		{A8751D84-45E8-4D0A-88B4-1551115AE2E2}.Release|x64.ActiveCfg = Release|x64
		{A8751D84-45E8-4D0A-88B4-1551115AE2E2}.Release|x64.Build.0 = Release|x64
		{A8751D84-45E8-4D0A-88B4-1551115AE2E2}.Release|x86.ActiveCfg = Release|x86
		{A8751D84-45E8-4D0A-88B4-1551115AE2E2}.Release|x86.Build.0 = Release|x86
		{B3B9C147-D538-4C97-B23E-6DEDA2447DBC}.Debug|Any CPU.ActiveCfg = Debug|Any CPU
		{B3B9C147-D538-4C97-B23E-6DEDA2447DBC}.Debug|Any CPU.Build.0 = Debug|Any CPU
		{B3B9C147-D538-4C97-B23E-6DEDA2447DBC}.Debug|x64.ActiveCfg = Debug|x64
		{B3B9C147-D538-4C97-B23E-6DEDA2447DBC}.Debug|x64.Build.0 = Debug|x64
		{B3B9C147-D538-4C97-B23E-6DEDA2447DBC}.Debug|x86.ActiveCfg = Debug|x86
		{B3B9C147-D538-4C97-B23E-6DEDA2447DBC}.Debug|x86.Build.0 = Debug|x86
		{B3B9C147-D538-4C97-B23E-6DEDA2447DBC}.Release|Any CPU.ActiveCfg = Release|Any CPU
		{B3B9C147-D538-4C97-B23E-6DEDA2447DBC}.Release|Any CPU.Build.0 = Release|Any CPU
		{B3B9C147-D538-4C97-B23E-6DEDA2447DBC}.Release|x64.ActiveCfg = Release|x64
		{B3B9C147-D538-4C97-B23E-6DEDA2447DBC}.Release|x64.Build.0 = Release|x64
		{B3B9C147-D538-4C97-B23E-6DEDA2447DBC}.Release|x86.ActiveCfg = Release|x86
		{B3B9C147-D538-4C97-B23E-6DEDA2447DBC}.Release|x86.Build.0 = Release|x86
		{21E2408A-72B8-4C78-9D9E-1D65152FF655}.Debug|Any CPU.ActiveCfg = Debug|Any CPU
		{21E2408A-72B8-4C78-9D9E-1D65152FF655}.Debug|Any CPU.Build.0 = Debug|Any CPU
		{21E2408A-72B8-4C78-9D9E-1D65152FF655}.Debug|x64.ActiveCfg = Debug|x64
		{21E2408A-72B8-4C78-9D9E-1D65152FF655}.Debug|x64.Build.0 = Debug|x64
		{21E2408A-72B8-4C78-9D9E-1D65152FF655}.Debug|x86.ActiveCfg = Debug|x86
		{21E2408A-72B8-4C78-9D9E-1D65152FF655}.Debug|x86.Build.0 = Debug|x86
		{21E2408A-72B8-4C78-9D9E-1D65152FF655}.Release|Any CPU.ActiveCfg = Release|Any CPU
		{21E2408A-72B8-4C78-9D9E-1D65152FF655}.Release|Any CPU.Build.0 = Release|Any CPU
		{21E2408A-72B8-4C78-9D9E-1D65152FF655}.Release|x64.ActiveCfg = Release|x64
		{21E2408A-72B8-4C78-9D9E-1D65152FF655}.Release|x64.Build.0 = Release|x64
		{21E2408A-72B8-4C78-9D9E-1D65152FF655}.Release|x86.ActiveCfg = Release|x86
		{21E2408A-72B8-4C78-9D9E-1D65152FF655}.Release|x86.Build.0 = Release|x86
		{10E37E7C-E70D-4528-9F3D-234A634CA2C6}.Debug|Any CPU.ActiveCfg = Debug|Any CPU
		{10E37E7C-E70D-4528-9F3D-234A634CA2C6}.Debug|Any CPU.Build.0 = Debug|Any CPU
		{10E37E7C-E70D-4528-9F3D-234A634CA2C6}.Debug|x64.ActiveCfg = Debug|x64
		{10E37E7C-E70D-4528-9F3D-234A634CA2C6}.Debug|x64.Build.0 = Debug|x64
		{10E37E7C-E70D-4528-9F3D-234A634CA2C6}.Debug|x86.ActiveCfg = Debug|x86
		{10E37E7C-E70D-4528-9F3D-234A634CA2C6}.Debug|x86.Build.0 = Debug|x86
		{10E37E7C-E70D-4528-9F3D-234A634CA2C6}.Release|Any CPU.ActiveCfg = Release|Any CPU
		{10E37E7C-E70D-4528-9F3D-234A634CA2C6}.Release|Any CPU.Build.0 = Release|Any CPU
		{10E37E7C-E70D-4528-9F3D-234A634CA2C6}.Release|x64.ActiveCfg = Release|x64
		{10E37E7C-E70D-4528-9F3D-234A634CA2C6}.Release|x64.Build.0 = Release|x64
		{10E37E7C-E70D-4528-9F3D-234A634CA2C6}.Release|x86.ActiveCfg = Release|x86
		{10E37E7C-E70D-4528-9F3D-234A634CA2C6}.Release|x86.Build.0 = Release|x86
		{AE968077-ED72-442D-A4AF-10A031CA3990}.Debug|Any CPU.ActiveCfg = Debug|Any CPU
		{AE968077-ED72-442D-A4AF-10A031CA3990}.Debug|Any CPU.Build.0 = Debug|Any CPU
		{AE968077-ED72-442D-A4AF-10A031CA3990}.Debug|x64.ActiveCfg = Debug|Any CPU
		{AE968077-ED72-442D-A4AF-10A031CA3990}.Debug|x64.Build.0 = Debug|Any CPU
		{AE968077-ED72-442D-A4AF-10A031CA3990}.Debug|x86.ActiveCfg = Debug|x86
		{AE968077-ED72-442D-A4AF-10A031CA3990}.Debug|x86.Build.0 = Debug|x86
		{AE968077-ED72-442D-A4AF-10A031CA3990}.Release|Any CPU.ActiveCfg = Release|Any CPU
		{AE968077-ED72-442D-A4AF-10A031CA3990}.Release|Any CPU.Build.0 = Release|Any CPU
		{AE968077-ED72-442D-A4AF-10A031CA3990}.Release|x64.ActiveCfg = Release|Any CPU
		{AE968077-ED72-442D-A4AF-10A031CA3990}.Release|x64.Build.0 = Release|Any CPU
		{AE968077-ED72-442D-A4AF-10A031CA3990}.Release|x86.ActiveCfg = Release|x86
		{AE968077-ED72-442D-A4AF-10A031CA3990}.Release|x86.Build.0 = Release|x86
		{9AE68B3B-2E5F-40C8-8BB1-7B0D05E9FD4F}.Debug|Any CPU.ActiveCfg = Debug|Any CPU
		{9AE68B3B-2E5F-40C8-8BB1-7B0D05E9FD4F}.Debug|Any CPU.Build.0 = Debug|Any CPU
		{9AE68B3B-2E5F-40C8-8BB1-7B0D05E9FD4F}.Debug|x64.ActiveCfg = Debug|Any CPU
		{9AE68B3B-2E5F-40C8-8BB1-7B0D05E9FD4F}.Debug|x64.Build.0 = Debug|Any CPU
		{9AE68B3B-2E5F-40C8-8BB1-7B0D05E9FD4F}.Debug|x86.ActiveCfg = Debug|x86
		{9AE68B3B-2E5F-40C8-8BB1-7B0D05E9FD4F}.Debug|x86.Build.0 = Debug|x86
		{9AE68B3B-2E5F-40C8-8BB1-7B0D05E9FD4F}.Release|Any CPU.ActiveCfg = Release|Any CPU
		{9AE68B3B-2E5F-40C8-8BB1-7B0D05E9FD4F}.Release|Any CPU.Build.0 = Release|Any CPU
		{9AE68B3B-2E5F-40C8-8BB1-7B0D05E9FD4F}.Release|x64.ActiveCfg = Release|Any CPU
		{9AE68B3B-2E5F-40C8-8BB1-7B0D05E9FD4F}.Release|x64.Build.0 = Release|Any CPU
		{9AE68B3B-2E5F-40C8-8BB1-7B0D05E9FD4F}.Release|x86.ActiveCfg = Release|x86
		{9AE68B3B-2E5F-40C8-8BB1-7B0D05E9FD4F}.Release|x86.Build.0 = Release|x86
		{6B1713D0-9960-471C-812C-3E1FC9918182}.Debug|Any CPU.ActiveCfg = Debug|Any CPU
		{6B1713D0-9960-471C-812C-3E1FC9918182}.Debug|Any CPU.Build.0 = Debug|Any CPU
		{6B1713D0-9960-471C-812C-3E1FC9918182}.Debug|x64.ActiveCfg = Debug|x64
		{6B1713D0-9960-471C-812C-3E1FC9918182}.Debug|x64.Build.0 = Debug|x64
		{6B1713D0-9960-471C-812C-3E1FC9918182}.Debug|x86.ActiveCfg = Debug|x86
		{6B1713D0-9960-471C-812C-3E1FC9918182}.Debug|x86.Build.0 = Debug|x86
		{6B1713D0-9960-471C-812C-3E1FC9918182}.Release|Any CPU.ActiveCfg = Release|Any CPU
		{6B1713D0-9960-471C-812C-3E1FC9918182}.Release|Any CPU.Build.0 = Release|Any CPU
		{6B1713D0-9960-471C-812C-3E1FC9918182}.Release|x64.ActiveCfg = Release|x64
		{6B1713D0-9960-471C-812C-3E1FC9918182}.Release|x64.Build.0 = Release|x64
		{6B1713D0-9960-471C-812C-3E1FC9918182}.Release|x86.ActiveCfg = Release|x86
		{6B1713D0-9960-471C-812C-3E1FC9918182}.Release|x86.Build.0 = Release|x86
		{2E3ADC63-7A3B-4D6A-989F-09E71B5481B4}.Debug|Any CPU.ActiveCfg = Debug|Any CPU
		{2E3ADC63-7A3B-4D6A-989F-09E71B5481B4}.Debug|Any CPU.Build.0 = Debug|Any CPU
		{2E3ADC63-7A3B-4D6A-989F-09E71B5481B4}.Debug|x64.ActiveCfg = Debug|x64
		{2E3ADC63-7A3B-4D6A-989F-09E71B5481B4}.Debug|x64.Build.0 = Debug|x64
		{2E3ADC63-7A3B-4D6A-989F-09E71B5481B4}.Debug|x86.ActiveCfg = Debug|x86
		{2E3ADC63-7A3B-4D6A-989F-09E71B5481B4}.Debug|x86.Build.0 = Debug|x86
		{2E3ADC63-7A3B-4D6A-989F-09E71B5481B4}.Release|Any CPU.ActiveCfg = Release|Any CPU
		{2E3ADC63-7A3B-4D6A-989F-09E71B5481B4}.Release|Any CPU.Build.0 = Release|Any CPU
		{2E3ADC63-7A3B-4D6A-989F-09E71B5481B4}.Release|x64.ActiveCfg = Release|x64
		{2E3ADC63-7A3B-4D6A-989F-09E71B5481B4}.Release|x64.Build.0 = Release|x64
		{2E3ADC63-7A3B-4D6A-989F-09E71B5481B4}.Release|x86.ActiveCfg = Release|x86
		{2E3ADC63-7A3B-4D6A-989F-09E71B5481B4}.Release|x86.Build.0 = Release|x86
		{C0D72444-2B2A-4721-A42C-D77B8796ADAA}.Debug|Any CPU.ActiveCfg = Debug|Any CPU
		{C0D72444-2B2A-4721-A42C-D77B8796ADAA}.Debug|Any CPU.Build.0 = Debug|Any CPU
		{C0D72444-2B2A-4721-A42C-D77B8796ADAA}.Debug|x64.ActiveCfg = Debug|Any CPU
		{C0D72444-2B2A-4721-A42C-D77B8796ADAA}.Debug|x64.Build.0 = Debug|Any CPU
		{C0D72444-2B2A-4721-A42C-D77B8796ADAA}.Debug|x86.ActiveCfg = Debug|x86
		{C0D72444-2B2A-4721-A42C-D77B8796ADAA}.Debug|x86.Build.0 = Debug|x86
		{C0D72444-2B2A-4721-A42C-D77B8796ADAA}.Release|Any CPU.ActiveCfg = Release|Any CPU
		{C0D72444-2B2A-4721-A42C-D77B8796ADAA}.Release|Any CPU.Build.0 = Release|Any CPU
		{C0D72444-2B2A-4721-A42C-D77B8796ADAA}.Release|x64.ActiveCfg = Release|Any CPU
		{C0D72444-2B2A-4721-A42C-D77B8796ADAA}.Release|x64.Build.0 = Release|Any CPU
		{C0D72444-2B2A-4721-A42C-D77B8796ADAA}.Release|x86.ActiveCfg = Release|x86
		{C0D72444-2B2A-4721-A42C-D77B8796ADAA}.Release|x86.Build.0 = Release|x86
		{3C95141E-CF30-40E1-A198-138B14D822F7}.Debug|Any CPU.ActiveCfg = Debug|Any CPU
		{3C95141E-CF30-40E1-A198-138B14D822F7}.Debug|Any CPU.Build.0 = Debug|Any CPU
		{3C95141E-CF30-40E1-A198-138B14D822F7}.Debug|x64.ActiveCfg = Debug|Any CPU
		{3C95141E-CF30-40E1-A198-138B14D822F7}.Debug|x64.Build.0 = Debug|Any CPU
		{3C95141E-CF30-40E1-A198-138B14D822F7}.Debug|x86.ActiveCfg = Debug|Any CPU
		{3C95141E-CF30-40E1-A198-138B14D822F7}.Debug|x86.Build.0 = Debug|Any CPU
		{3C95141E-CF30-40E1-A198-138B14D822F7}.Release|Any CPU.ActiveCfg = Release|Any CPU
		{3C95141E-CF30-40E1-A198-138B14D822F7}.Release|Any CPU.Build.0 = Release|Any CPU
		{3C95141E-CF30-40E1-A198-138B14D822F7}.Release|x64.ActiveCfg = Release|Any CPU
		{3C95141E-CF30-40E1-A198-138B14D822F7}.Release|x64.Build.0 = Release|Any CPU
		{3C95141E-CF30-40E1-A198-138B14D822F7}.Release|x86.ActiveCfg = Release|Any CPU
		{3C95141E-CF30-40E1-A198-138B14D822F7}.Release|x86.Build.0 = Release|Any CPU
		{29308BFC-D04E-4C27-93BC-91FF026C1A55}.Debug|Any CPU.ActiveCfg = Debug|Any CPU
		{29308BFC-D04E-4C27-93BC-91FF026C1A55}.Debug|Any CPU.Build.0 = Debug|Any CPU
		{29308BFC-D04E-4C27-93BC-91FF026C1A55}.Debug|x64.ActiveCfg = Debug|Any CPU
		{29308BFC-D04E-4C27-93BC-91FF026C1A55}.Debug|x64.Build.0 = Debug|Any CPU
		{29308BFC-D04E-4C27-93BC-91FF026C1A55}.Debug|x86.ActiveCfg = Debug|Any CPU
		{29308BFC-D04E-4C27-93BC-91FF026C1A55}.Debug|x86.Build.0 = Debug|Any CPU
		{29308BFC-D04E-4C27-93BC-91FF026C1A55}.Release|Any CPU.ActiveCfg = Release|Any CPU
		{29308BFC-D04E-4C27-93BC-91FF026C1A55}.Release|Any CPU.Build.0 = Release|Any CPU
		{29308BFC-D04E-4C27-93BC-91FF026C1A55}.Release|x64.ActiveCfg = Release|Any CPU
		{29308BFC-D04E-4C27-93BC-91FF026C1A55}.Release|x64.Build.0 = Release|Any CPU
		{29308BFC-D04E-4C27-93BC-91FF026C1A55}.Release|x86.ActiveCfg = Release|Any CPU
		{29308BFC-D04E-4C27-93BC-91FF026C1A55}.Release|x86.Build.0 = Release|Any CPU
	EndGlobalSection
	GlobalSection(SolutionProperties) = preSolution
		HideSolutionNode = FALSE
	EndGlobalSection
EndGlobal
